
Microsoft Visual Studio Solution File, Format Version 12.00
# Visual Studio 14
VisualStudioVersion = 14.0.25420.1
MinimumVisualStudioVersion = 10.0.40219.1
Project("{FAE04EC0-301F-11D3-BF4B-00C04F79EFBC}") = "AbstractProperties", "AbstractProperties\AbstractProperties.csproj", "{7AB974F5-F7F4-4A1F-B1D8-EF6CC4960473}"
EndProject
Global
	GlobalSection(SolutionConfigurationPlatforms) = preSolution
		Debug|Any CPU = Debug|Any CPU
		Release|Any CPU = Release|Any CPU
	EndGlobalSection
	GlobalSection(ProjectConfigurationPlatforms) = postSolution
		{7AB974F5-F7F4-4A1F-B1D8-EF6CC4960473}.Debug|Any CPU.ActiveCfg = Debug|Any CPU
		{7AB974F5-F7F4-4A1F-B1D8-EF6CC4960473}.Debug|Any CPU.Build.0 = Debug|Any CPU
		{7AB974F5-F7F4-4A1F-B1D8-EF6CC4960473}.Release|Any CPU.ActiveCfg = Release|Any CPU
		{7AB974F5-F7F4-4A1F-B1D8-EF6CC4960473}.Release|Any CPU.Build.0 = Release|Any CPU
	EndGlobalSection
	GlobalSection(SolutionProperties) = preSolution
		HideSolutionNode = FALSE
	EndGlobalSection
EndGlobal
