
Microsoft Visual Studio Solution File, Format Version 12.00
# Visual Studio 14
VisualStudioVersion = 14.0.25420.1
MinimumVisualStudioVersion = 10.0.40219.1
Project("{FAE04EC0-301F-11D3-BF4B-00C04F79EFBC}") = "PassingPointersAsParametersToMethods", "PassingPointersAsParametersToMethods\PassingPointersAsParametersToMethods.csproj", "{ECFCB881-7326-4E15-9C5F-02114BA0C492}"
EndProject
Global
	GlobalSection(SolutionConfigurationPlatforms) = preSolution
		Debug|Any CPU = Debug|Any CPU
		Release|Any CPU = Release|Any CPU
	EndGlobalSection
	GlobalSection(ProjectConfigurationPlatforms) = postSolution
		{ECFCB881-7326-4E15-9C5F-02114BA0C492}.Debug|Any CPU.ActiveCfg = Debug|Any CPU
		{ECFCB881-7326-4E15-9C5F-02114BA0C492}.Debug|Any CPU.Build.0 = Debug|Any CPU
		{ECFCB881-7326-4E15-9C5F-02114BA0C492}.Release|Any CPU.ActiveCfg = Release|Any CPU
		{ECFCB881-7326-4E15-9C5F-02114BA0C492}.Release|Any CPU.Build.0 = Release|Any CPU
	EndGlobalSection
	GlobalSection(SolutionProperties) = preSolution
		HideSolutionNode = FALSE
	EndGlobalSection
EndGlobal
